
Microsoft Visual Studio Solution File, Format Version 12.00
# Visual Studio Version 17
VisualStudioVersion = 17.2.32616.157
MinimumVisualStudioVersion = 10.0.40219.1
Project("{9A19103F-16F7-4668-BE54-9A1E7A4F7556}") = "Task20", "Task20\Task20.csproj", "{D8379A99-2693-4AB2-8BFD-F3614098768A}"
EndProject
Global
	GlobalSection(SolutionConfigurationPlatforms) = preSolution
		Debug|Any CPU = Debug|Any CPU
		Release|Any CPU = Release|Any CPU
	EndGlobalSection
	GlobalSection(ProjectConfigurationPlatforms) = postSolution
		{D8379A99-2693-4AB2-8BFD-F3614098768A}.Debug|Any CPU.ActiveCfg = Debug|Any CPU
		{D8379A99-2693-4AB2-8BFD-F3614098768A}.Debug|Any CPU.Build.0 = Debug|Any CPU
		{D8379A99-2693-4AB2-8BFD-F3614098768A}.Release|Any CPU.ActiveCfg = Release|Any CPU
		{D8379A99-2693-4AB2-8BFD-F3614098768A}.Release|Any CPU.Build.0 = Release|Any CPU
	EndGlobalSection
	GlobalSection(SolutionProperties) = preSolution
		HideSolutionNode = FALSE
	EndGlobalSection
	GlobalSection(ExtensibilityGlobals) = postSolution
		SolutionGuid = {181870E8-FC66-4E52-B20D-8C95F679CFD3}
	EndGlobalSection
EndGlobal
